
Microsoft Visual Studio Solution File, Format Version 12.00
# Visual Studio Version 17
VisualStudioVersion = 17.2.32602.215
MinimumVisualStudioVersion = 10.0.40219.1
Project("{9A19103F-16F7-4668-BE54-9A1E7A4F7556}") = "VirtualShop.ProductApi", "VirtualShop.ProductApi\VirtualShop.ProductApi.csproj", "{7CF5E6C7-F09B-4B26-BE89-1D9C17D7B711}"
EndProject
Project("{FAE04EC0-301F-11D3-BF4B-00C04F79EFBC}") = "VirtualShop.Web", "VirtualShop.Web\VirtualShop.Web.csproj", "{0323BAB7-10D0-4329-8BC0-355937181970}"
EndProject
Global
	GlobalSection(SolutionConfigurationPlatforms) = preSolution
		Debug|Any CPU = Debug|Any CPU
		Release|Any CPU = Release|Any CPU
	EndGlobalSection
	GlobalSection(ProjectConfigurationPlatforms) = postSolution
		{7CF5E6C7-F09B-4B26-BE89-1D9C17D7B711}.Debug|Any CPU.ActiveCfg = Debug|Any CPU
		{7CF5E6C7-F09B-4B26-BE89-1D9C17D7B711}.Debug|Any CPU.Build.0 = Debug|Any CPU
		{7CF5E6C7-F09B-4B26-BE89-1D9C17D7B711}.Release|Any CPU.ActiveCfg = Release|Any CPU
		{7CF5E6C7-F09B-4B26-BE89-1D9C17D7B711}.Release|Any CPU.Build.0 = Release|Any CPU
		{0323BAB7-10D0-4329-8BC0-355937181970}.Debug|Any CPU.ActiveCfg = Debug|Any CPU
		{0323BAB7-10D0-4329-8BC0-355937181970}.Debug|Any CPU.Build.0 = Debug|Any CPU
		{0323BAB7-10D0-4329-8BC0-355937181970}.Release|Any CPU.ActiveCfg = Release|Any CPU
		{0323BAB7-10D0-4329-8BC0-355937181970}.Release|Any CPU.Build.0 = Release|Any CPU
	EndGlobalSection
	GlobalSection(SolutionProperties) = preSolution
		HideSolutionNode = FALSE
	EndGlobalSection
	GlobalSection(ExtensibilityGlobals) = postSolution
		SolutionGuid = {2990C8F7-210C-4369-9E95-426FEFEA0724}
	EndGlobalSection
EndGlobal
